
Microsoft Visual Studio Solution File, Format Version 12.00
# Visual Studio 15
VisualStudioVersion = 15.0.28307.106
MinimumVisualStudioVersion = 10.0.40219.1
Project("{FAE04EC0-301F-11D3-BF4B-00C04F79EFBC}") = "DemoApp1", "DemoApp1\DemoApp1.csproj", "{A5EA3A11-64C2-4E40-8DEE-9701718E3A23}"
EndProject
Global
	GlobalSection(SolutionConfigurationPlatforms) = preSolution
		Debug|Any CPU = Debug|Any CPU
		Release|Any CPU = Release|Any CPU
	EndGlobalSection
	GlobalSection(ProjectConfigurationPlatforms) = postSolution
		{A5EA3A11-64C2-4E40-8DEE-9701718E3A23}.Debug|Any CPU.ActiveCfg = Debug|Any CPU
		{A5EA3A11-64C2-4E40-8DEE-9701718E3A23}.Debug|Any CPU.Build.0 = Debug|Any CPU
		{A5EA3A11-64C2-4E40-8DEE-9701718E3A23}.Release|Any CPU.ActiveCfg = Release|Any CPU
		{A5EA3A11-64C2-4E40-8DEE-9701718E3A23}.Release|Any CPU.Build.0 = Release|Any CPU
	EndGlobalSection
	GlobalSection(SolutionProperties) = preSolution
		HideSolutionNode = FALSE
	EndGlobalSection
	GlobalSection(ExtensibilityGlobals) = postSolution
		SolutionGuid = {4D20158F-FD2D-4B90-998C-34B1F54FB57D}
	EndGlobalSection
EndGlobal
